
Microsoft Visual Studio Solution File, Format Version 12.00
# Visual Studio Version 16
VisualStudioVersion = 16.0.31313.79
MinimumVisualStudioVersion = 10.0.40219.1
Project("{FAE04EC0-301F-11D3-BF4B-00C04F79EFBC}") = "TestCloudPoint", "TestCloudPoint\TestCloudPoint.csproj", "{8E86094A-32C8-48CA-B384-B48B7AAFD762}"
EndProject
Global
	GlobalSection(SolutionConfigurationPlatforms) = preSolution
		Debug|Any CPU = Debug|Any CPU
		Release|Any CPU = Release|Any CPU
	EndGlobalSection
	GlobalSection(ProjectConfigurationPlatforms) = postSolution
		{8E86094A-32C8-48CA-B384-B48B7AAFD762}.Debug|Any CPU.ActiveCfg = Debug|Any CPU
		{8E86094A-32C8-48CA-B384-B48B7AAFD762}.Debug|Any CPU.Build.0 = Debug|Any CPU
		{8E86094A-32C8-48CA-B384-B48B7AAFD762}.Release|Any CPU.ActiveCfg = Release|Any CPU
		{8E86094A-32C8-48CA-B384-B48B7AAFD762}.Release|Any CPU.Build.0 = Release|Any CPU
	EndGlobalSection
	GlobalSection(SolutionProperties) = preSolution
		HideSolutionNode = FALSE
	EndGlobalSection
	GlobalSection(ExtensibilityGlobals) = postSolution
		SolutionGuid = {8863FB22-3A3B-49B2-A0C6-9C5699BB13E9}
	EndGlobalSection
EndGlobal
